
Microsoft Visual Studio Solution File, Format Version 12.00
# Visual Studio Version 16
VisualStudioVersion = 16.0.31402.337
MinimumVisualStudioVersion = 10.0.40219.1
Project("{FAE04EC0-301F-11D3-BF4B-00C04F79EFBC}") = "Repaso(1)", "Repaso(1).csproj", "{89D747FB-A318-4964-98F5-9FE6EE7D478A}"
EndProject
Global
	GlobalSection(SolutionConfigurationPlatforms) = preSolution
		Debug|Any CPU = Debug|Any CPU
		Release|Any CPU = Release|Any CPU
	EndGlobalSection
	GlobalSection(ProjectConfigurationPlatforms) = postSolution
		{89D747FB-A318-4964-98F5-9FE6EE7D478A}.Debug|Any CPU.ActiveCfg = Debug|Any CPU
		{89D747FB-A318-4964-98F5-9FE6EE7D478A}.Debug|Any CPU.Build.0 = Debug|Any CPU
		{89D747FB-A318-4964-98F5-9FE6EE7D478A}.Release|Any CPU.ActiveCfg = Release|Any CPU
		{89D747FB-A318-4964-98F5-9FE6EE7D478A}.Release|Any CPU.Build.0 = Release|Any CPU
	EndGlobalSection
	GlobalSection(SolutionProperties) = preSolution
		HideSolutionNode = FALSE
	EndGlobalSection
	GlobalSection(ExtensibilityGlobals) = postSolution
		SolutionGuid = {6BC3FFE3-02DC-4CA9-9B3A-2D14CF27862A}
	EndGlobalSection
EndGlobal
